// !$*UTF8*$!
{
	archiveVersion = 1;
	classes = {
	};
	objectVersion = 55;
	objects = {

/* Begin PBXBuildFile section */
		84175BDB2765D76B0085DAE0 /* AppDelegate.swift in Sources */ = {isa = PBXBuildFile; fileRef = 84175BDA2765D76B0085DAE0 /* AppDelegate.swift */; };
		84175BDD2765D76B0085DAE0 /* SceneDelegate.swift in Sources */ = {isa = PBXBuildFile; fileRef = 84175BDC2765D76B0085DAE0 /* SceneDelegate.swift */; };
		84175BDF2765D76B0085DAE0 /* AddNewItemViewController.swift in Sources */ = {isa = PBXBuildFile; fileRef = 84175BDE2765D76B0085DAE0 /* AddNewItemViewController.swift */; };
		84175BE22765D76B0085DAE0 /* Main.storyboard in Resources */ = {isa = PBXBuildFile; fileRef = 84175BE02765D76B0085DAE0 /* Main.storyboard */; };
		84175BE42765D76C0085DAE0 /* Assets.xcassets in Resources */ = {isa = PBXBuildFile; fileRef = 84175BE32765D76C0085DAE0 /* Assets.xcassets */; };
		84175BE72765D76C0085DAE0 /* LaunchScreen.storyboard in Resources */ = {isa = PBXBuildFile; fileRef = 84175BE52765D76C0085DAE0 /* LaunchScreen.storyboard */; };
		84175BF22765D76C0085DAE0 /* BucketListcrUDTests.swift in Sources */ = {isa = PBXBuildFile; fileRef = 84175BF12765D76C0085DAE0 /* BucketListcrUDTests.swift */; };
		84175BFC2765D76C0085DAE0 /* BucketListcrUDUITests.swift in Sources */ = {isa = PBXBuildFile; fileRef = 84175BFB2765D76C0085DAE0 /* BucketListcrUDUITests.swift */; };
		84175BFE2765D76C0085DAE0 /* BucketListcrUDUITestsLaunchTests.swift in Sources */ = {isa = PBXBuildFile; fileRef = 84175BFD2765D76C0085DAE0 /* BucketListcrUDUITestsLaunchTests.swift */; };
		84175C88276672AA0085DAE0 /* ShowItemTableViewController.swift in Sources */ = {isa = PBXBuildFile; fileRef = 84175C87276672A90085DAE0 /* ShowItemTableViewController.swift */; };
		84175C8A2766737D0085DAE0 /* AddItemsDelegate.swift in Sources */ = {isa = PBXBuildFile; fileRef = 84175C892766737D0085DAE0 /* AddItemsDelegate.swift */; };
/* End PBXBuildFile section */

/* Begin PBXContainerItemProxy section */
		84175BEE2765D76C0085DAE0 /* PBXContainerItemProxy */ = {
			isa = PBXContainerItemProxy;
			containerPortal = 84175BCF2765D76B0085DAE0 /* Project object */;
			proxyType = 1;
			remoteGlobalIDString = 84175BD62765D76B0085DAE0;
			remoteInfo = BucketListcrUD;
		};
		84175BF82765D76C0085DAE0 /* PBXContainerItemProxy */ = {
			isa = PBXContainerItemProxy;
			containerPortal = 84175BCF2765D76B0085DAE0 /* Project object */;
			proxyType = 1;
			remoteGlobalIDString = 84175BD62765D76B0085DAE0;
			remoteInfo = BucketListcrUD;
		};
/* End PBXContainerItemProxy section */

/* Begin PBXFileReference section */
		84175BD72765D76B0085DAE0 /* BucketListcrUD.app */ = {isa = PBXFileReference; explicitFileType = wrapper.application; includeInIndex = 0; path = BucketListcrUD.app; sourceTree = BUILT_PRODUCTS_DIR; };
		84175BDA2765D76B0085DAE0 /* AppDelegate.swift */ = {isa = PBXFileReference; lastKnownFileType = sourcecode.swift; path = AppDelegate.swift; sourceTree = "<group>"; };
		84175BDC2765D76B0085DAE0 /* SceneDelegate.swift */ = {isa = PBXFileReference; lastKnownFileType = sourcecode.swift; path = SceneDelegate.swift; sourceTree = "<group>"; };
		84175BDE2765D76B0085DAE0 /* AddNewItemViewController.swift */ = {isa = PBXFileReference; lastKnownFileType = sourcecode.swift; path = AddNewItemViewController.swift; sourceTree = "<group>"; };
		84175BE12765D76B0085DAE0 /* Base */ = {isa = PBXFileReference; lastKnownFileType = file.storyboard; name = Base; path = Base.lproj/Main.storyboard; sourceTree = "<group>"; };
		84175BE32765D76C0085DAE0 /* Assets.xcassets */ = {isa = PBXFileReference; lastKnownFileType = folder.assetcatalog; path = Assets.xcassets; sourceTree = "<group>"; };
		84175BE62765D76C0085DAE0 /* Base */ = {isa = PBXFileReference; lastKnownFileType = file.storyboard; name = Base; path = Base.lproj/LaunchScreen.storyboard; sourceTree = "<group>"; };
		84175BE82765D76C0085DAE0 /* Info.plist */ = {isa = PBXFileReference; lastKnownFileType = text.plist.xml; path = Info.plist; sourceTree = "<group>"; };
		84175BED2765D76C0085DAE0 /* BucketListcrUDTests.xctest */ = {isa = PBXFileReference; explicitFileType = wrapper.cfbundle; includeInIndex = 0; path = BucketListcrUDTests.xctest; sourceTree = BUILT_PRODUCTS_DIR; };
		84175BF12765D76C0085DAE0 /* BucketListcrUDTests.swift */ = {isa = PBXFileReference; lastKnownFileType = sourcecode.swift; path = BucketListcrUDTests.swift; sourceTree = "<group>"; };
		84175BF72765D76C0085DAE0 /* BucketListcrUDUITests.xctest */ = {isa = PBXFileReference; explicitFileType = wrapper.cfbundle; includeInIndex = 0; path = BucketListcrUDUITests.xctest; sourceTree = BUILT_PRODUCTS_DIR; };
		84175BFB2765D76C0085DAE0 /* BucketListcrUDUITests.swift */ = {isa = PBXFileReference; lastKnownFileType = sourcecode.swift; path = BucketListcrUDUITests.swift; sourceTree = "<group>"; };
		84175BFD2765D76C0085DAE0 /* BucketListcrUDUITestsLaunchTests.swift */ = {isa = PBXFileReference; lastKnownFileType = sourcecode.swift; path = BucketListcrUDUITestsLaunchTests.swift; sourceTree = "<group>"; };
		84175C87276672A90085DAE0 /* ShowItemTableViewController.swift */ = {isa = PBXFileReference; lastKnownFileType = sourcecode.swift; path = ShowItemTableViewController.swift; sourceTree = "<group>"; };
		84175C892766737D0085DAE0 /* AddItemsDelegate.swift */ = {isa = PBXFileReference; lastKnownFileType = sourcecode.swift; path = AddItemsDelegate.swift; sourceTree = "<group>"; };
/* End PBXFileReference section */

/* Begin PBXFrameworksBuildPhase section */
		84175BD42765D76B0085DAE0 /* Frameworks */ = {
			isa = PBXFrameworksBuildPhase;
			buildActionMask = 2147483647;
			files = (
			);
			runOnlyForDeploymentPostprocessing = 0;
		};
		84175BEA2765D76C0085DAE0 /* Frameworks */ = {
			isa = PBXFrameworksBuildPhase;
			buildActionMask = 2147483647;
			files = (
			);
			runOnlyForDeploymentPostprocessing = 0;
		};
		84175BF42765D76C0085DAE0 /* Frameworks */ = {
			isa = PBXFrameworksBuildPhase;
			buildActionMask = 2147483647;
			files = (
			);
			runOnlyForDeploymentPostprocessing = 0;
		};
/* End PBXFrameworksBuildPhase section */

/* Begin PBXGroup section */
		84175BCE2765D76B0085DAE0 = {
			isa = PBXGroup;
			children = (
				84175BD92765D76B0085DAE0 /* BucketListcrUD */,
				84175BF02765D76C0085DAE0 /* BucketListcrUDTests */,
				84175BFA2765D76C0085DAE0 /* BucketListcrUDUITests */,
				84175BD82765D76B0085DAE0 /* Products */,
			);
			sourceTree = "<group>";
		};
		84175BD82765D76B0085DAE0 /* Products */ = {
			isa = PBXGroup;
			children = (
				84175BD72765D76B0085DAE0 /* BucketListcrUD.app */,
				84175BED2765D76C0085DAE0 /* BucketListcrUDTests.xctest */,
				84175BF72765D76C0085DAE0 /* BucketListcrUDUITests.xctest */,
			);
			name = Products;
			sourceTree = "<group>";
		};
		84175BD92765D76B0085DAE0 /* BucketListcrUD */ = {
			isa = PBXGroup;
			children = (
				84175BDA2765D76B0085DAE0 /* AppDelegate.swift */,
				84175BDC2765D76B0085DAE0 /* SceneDelegate.swift */,
				84175C87276672A90085DAE0 /* ShowItemTableViewController.swift */,
				84175BDE2765D76B0085DAE0 /* AddNewItemViewController.swift */,
				84175C892766737D0085DAE0 /* AddItemsDelegate.swift */,
				84175BE02765D76B0085DAE0 /* Main.storyboard */,
				84175BE32765D76C0085DAE0 /* Assets.xcassets */,
				84175BE52765D76C0085DAE0 /* LaunchScreen.storyboard */,
				84175BE82765D76C0085DAE0 /* Info.plist */,
			);
			path = BucketListcrUD;
			sourceTree = "<group>";
		};
		84175BF02765D76C0085DAE0 /* BucketListcrUDTests */ = {
			isa = PBXGroup;
			children = (
				84175BF12765D76C0085DAE0 /* BucketListcrUDTests.swift */,
			);
			path = BucketListcrUDTests;
			sourceTree = "<group>";
		};
		84175BFA2765D76C0085DAE0 /* BucketListcrUDUITests */ = {
			isa = PBXGroup;
			children = (
				84175BFB2765D76C0085DAE0 /* BucketListcrUDUITests.swift */,
				84175BFD2765D76C0085DAE0 /* BucketListcrUDUITestsLaunchTests.swift */,
			);
			path = BucketListcrUDUITests;
			sourceTree = "<group>";
		};
/* End PBXGroup section */

/* Begin PBXNativeTarget section */
		84175BD62765D76B0085DAE0 /* BucketListcrUD */ = {
			isa = PBXNativeTarget;
			buildConfigurationList = 84175C012765D76C0085DAE0 /* Build configuration list for PBXNativeTarget "BucketListcrUD" */;
			buildPhases = (
				84175BD32765D76B0085DAE0 /* Sources */,
				84175BD42765D76B0085DAE0 /* Frameworks */,
				84175BD52765D76B0085DAE0 /* Resources */,
			);
			buildRules = (
			);
			dependencies = (
			);
			name = BucketListcrUD;
			productName = BucketListcrUD;
			productReference = 84175BD72765D76B0085DAE0 /* BucketListcrUD.app */;
			productType = "com.apple.product-type.application";
		};
		84175BEC2765D76C0085DAE0 /* BucketListcrUDTests */ = {
			isa = PBXNativeTarget;
			buildConfigurationList = 84175C042765D76C0085DAE0 /* Build configuration list for PBXNativeTarget "BucketListcrUDTests" */;
			buildPhases = (
				84175BE92765D76C0085DAE0 /* Sources */,
				84175BEA2765D76C0085DAE0 /* Frameworks */,
				84175BEB2765D76C0085DAE0 /* Resources */,
			);
			buildRules = (
			);
			dependencies = (
				84175BEF2765D76C0085DAE0 /* PBXTargetDependency */,
			);
			name = BucketListcrUDTests;
			productName = BucketListcrUDTests;
			productReference = 84175BED2765D76C0085DAE0 /* BucketListcrUDTests.xctest */;
			productType = "com.apple.product-type.bundle.unit-test";
		};
		84175BF62765D76C0085DAE0 /* BucketListcrUDUITests */ = {
			isa = PBXNativeTarget;
			buildConfigurationList = 84175C072765D76C0085DAE0 /* Build configuration list for PBXNativeTarget "BucketListcrUDUITests" */;
			buildPhases = (
				84175BF32765D76C0085DAE0 /* Sources */,
				84175BF42765D76C0085DAE0 /* Frameworks */,
				84175BF52765D76C0085DAE0 /* Resources */,
			);
			buildRules = (
			);
			dependencies = (
				84175BF92765D76C0085DAE0 /* PBXTargetDependency */,
			);
			name = BucketListcrUDUITests;
			productName = BucketListcrUDUITests;
			productReference = 84175BF72765D76C0085DAE0 /* BucketListcrUDUITests.xctest */;
			productType = "com.apple.product-type.bundle.ui-testing";
		};
/* End PBXNativeTarget section */

/* Begin PBXProject section */
		84175BCF2765D76B0085DAE0 /* Project object */ = {
			isa = PBXProject;
			attributes = {
				BuildIndependentTargetsInParallel = 1;
				LastSwiftUpdateCheck = 1310;
				LastUpgradeCheck = 1310;
				TargetAttributes = {
					84175BD62765D76B0085DAE0 = {
						CreatedOnToolsVersion = 13.1;
					};
					84175BEC2765D76C0085DAE0 = {
						CreatedOnToolsVersion = 13.1;
						TestTargetID = 84175BD62765D76B0085DAE0;
					};
					84175BF62765D76C0085DAE0 = {
						CreatedOnToolsVersion = 13.1;
						TestTargetID = 84175BD62765D76B0085DAE0;
					};
				};
			};
			buildConfigurationList = 84175BD22765D76B0085DAE0 /* Build configuration list for PBXProject "BucketListcrUD" */;
			compatibilityVersion = "Xcode 13.0";
			developmentRegion = en;
			hasScannedForEncodings = 0;
			knownRegions = (
				en,
				Base,
			);
			mainGroup = 84175BCE2765D76B0085DAE0;
			productRefGroup = 84175BD82765D76B0085DAE0 /* Products */;
			projectDirPath = "";
			projectRoot = "";
			targets = (
				84175BD62765D76B0085DAE0 /* BucketListcrUD */,
				84175BEC2765D76C0085DAE0 /* BucketListcrUDTests */,
				84175BF62765D76C0085DAE0 /* BucketListcrUDUITests */,
			);
		};
/* End PBXProject section */

/* Begin PBXResourcesBuildPhase section */
		84175BD52765D76B0085DAE0 /* Resources */ = {
			isa = PBXResourcesBuildPhase;
			buildActionMask = 2147483647;
			files = (
				84175BE72765D76C0085DAE0 /* LaunchScreen.storyboard in Resources */,
				84175BE42765D76C0085DAE0 /* Assets.xcassets in Resources */,
				84175BE22765D76B0085DAE0 /* Main.storyboard in Resources */,
			);
			runOnlyForDeploymentPostprocessing = 0;
		};
		84175BEB2765D76C0085DAE0 /* Resources */ = {
			isa = PBXResourcesBuildPhase;
			buildActionMask = 2147483647;
			files = (
			);
			runOnlyForDeploymentPostprocessing = 0;
		};
		84175BF52765D76C0085DAE0 /* Resources */ = {
			isa = PBXResourcesBuildPhase;
			buildActionMask = 2147483647;
			files = (
			);
			runOnlyForDeploymentPostprocessing = 0;
		};
/* End PBXResourcesBuildPhase section */

/* Begin PBXSourcesBuildPhase section */
		84175BD32765D76B0085DAE0 /* Sources */ = {
			isa = PBXSourcesBuildPhase;
			buildActionMask = 2147483647;
			files = (
				84175BDF2765D76B0085DAE0 /* AddNewItemViewController.swift in Sources */,
				84175C88276672AA0085DAE0 /* ShowItemTableViewController.swift in Sources */,
				84175BDB2765D76B0085DAE0 /* AppDelegate.swift in Sources */,
				84175BDD2765D76B0085DAE0 /* SceneDelegate.swift in Sources */,
				84175C8A2766737D0085DAE0 /* AddItemsDelegate.swift in Sources */,
			);
			runOnlyForDeploymentPostprocessing = 0;
		};
		84175BE92765D76C0085DAE0 /* Sources */ = {
			isa = PBXSourcesBuildPhase;
			buildActionMask = 2147483647;
			files = (
				84175BF22765D76C0085DAE0 /* BucketListcrUDTests.swift in Sources */,
			);
			runOnlyForDeploymentPostprocessing = 0;
		};
		84175BF32765D76C0085DAE0 /* Sources */ = {
			isa = PBXSourcesBuildPhase;
			buildActionMask = 2147483647;
			files = (
				84175BFE2765D76C0085DAE0 /* BucketListcrUDUITestsLaunchTests.swift in Sources */,
				84175BFC2765D76C0085DAE0 /* BucketListcrUDUITests.swift in Sources */,
			);
			runOnlyForDeploymentPostprocessing = 0;
		};
/* End PBXSourcesBuildPhase section */

/* Begin PBXTargetDependency section */
		84175BEF2765D76C0085DAE0 /* PBXTargetDependency */ = {
			isa = PBXTargetDependency;
			target = 84175BD62765D76B0085DAE0 /* BucketListcrUD */;
			targetProxy = 84175BEE2765D76C0085DAE0 /* PBXContainerItemProxy */;
		};
		84175BF92765D76C0085DAE0 /* PBXTargetDependency */ = {
			isa = PBXTargetDependency;
			target = 84175BD62765D76B0085DAE0 /* BucketListcrUD */;
			targetProxy = 84175BF82765D76C0085DAE0 /* PBXContainerItemProxy */;
		};
/* End PBXTargetDependency section */

/* Begin PBXVariantGroup section */
		84175BE02765D76B0085DAE0 /* Main.storyboard */ = {
			isa = PBXVariantGroup;
			children = (
				84175BE12765D76B0085DAE0 /* Base */,
			);
			name = Main.storyboard;
			sourceTree = "<group>";
		};
		84175BE52765D76C0085DAE0 /* LaunchScreen.storyboard */ = {
			isa = PBXVariantGroup;
			children = (
				84175BE62765D76C0085DAE0 /* Base */,
			);
			name = LaunchScreen.storyboard;
			sourceTree = "<group>";
		};
/* End PBXVariantGroup section */

/* Begin XCBuildConfiguration section */
		84175BFF2765D76C0085DAE0 /* Debug */ = {
			isa = XCBuildConfiguration;
			buildSettings = {
				ALWAYS_SEARCH_USER_PATHS = NO;
				CLANG_ANALYZER_NONNULL = YES;
				CLANG_ANALYZER_NUMBER_OBJECT_CONVERSION = YES_AGGRESSIVE;
				CLANG_CXX_LANGUAGE_STANDARD = "gnu++17";
				CLANG_CXX_LIBRARY = "libc++";
				CLANG_ENABLE_MODULES = YES;
				CLANG_ENABLE_OBJC_ARC = YES;
				CLANG_ENABLE_OBJC_WEAK = YES;
				CLANG_WARN_BLOCK_CAPTURE_AUTORELEASING = YES;
				CLANG_WARN_BOOL_CONVERSION = YES;
				CLANG_WARN_COMMA = YES;
				CLANG_WARN_CONSTANT_CONVERSION = YES;
				CLANG_WARN_DEPRECATED_OBJC_IMPLEMENTATIONS = YES;
				CLANG_WARN_DIRECT_OBJC_ISA_USAGE = YES_ERROR;
				CLANG_WARN_DOCUMENTATION_COMMENTS = YES;
				CLANG_WARN_EMPTY_BODY = YES;
				CLANG_WARN_ENUM_CONVERSION = YES;
				CLANG_WARN_INFINITE_RECURSION = YES;
				CLANG_WARN_INT_CONVERSION = YES;
				CLANG_WARN_NON_LITERAL_NULL_CONVERSION = YES;
				CLANG_WARN_OBJC_IMPLICIT_RETAIN_SELF = YES;
				CLANG_WARN_OBJC_LITERAL_CONVERSION = YES;
				CLANG_WARN_OBJC_ROOT_CLASS = YES_ERROR;
				CLANG_WARN_QUOTED_INCLUDE_IN_FRAMEWORK_HEADER = YES;
				CLANG_WARN_RANGE_LOOP_ANALYSIS = YES;
				CLANG_WARN_STRICT_PROTOTYPES = YES;
				CLANG_WARN_SUSPICIOUS_MOVE = YES;
				CLANG_WARN_UNGUARDED_AVAILABILITY = YES_AGGRESSIVE;
				CLANG_WARN_UNREACHABLE_CODE = YES;
				CLANG_WARN__DUPLICATE_METHOD_MATCH = YES;
				COPY_PHASE_STRIP = NO;
				DEBUG_INFORMATION_FORMAT = dwarf;
				ENABLE_STRICT_OBJC_MSGSEND = YES;
				ENABLE_TESTABILITY = YES;
				GCC_C_LANGUAGE_STANDARD = gnu11;
				GCC_DYNAMIC_NO_PIC = NO;
				GCC_NO_COMMON_BLOCKS = YES;
				GCC_OPTIMIZATION_LEVEL = 0;
				GCC_PREPROCESSOR_DEFINITIONS = (
					"DEBUG=1",
					"$(inherited)",
				);
				GCC_WARN_64_TO_32_BIT_CONVERSION = YES;
				GCC_WARN_ABOUT_RETURN_TYPE = YES_ERROR;
				GCC_WARN_UNDECLARED_SELECTOR = YES;
				GCC_WARN_UNINITIALIZED_AUTOS = YES_AGGRESSIVE;
				GCC_WARN_UNUSED_FUNCTION = YES;
				GCC_WARN_UNUSED_VARIABLE = YES;
				IPHONEOS_DEPLOYMENT_TARGET = 15.0;
				MTL_ENABLE_DEBUG_INFO = INCLUDE_SOURCE;
				MTL_FAST_MATH = YES;
				ONLY_ACTIVE_ARCH = YES;
				SDKROOT = iphoneos;
				SWIFT_ACTIVE_COMPILATION_CONDITIONS = DEBUG;
				SWIFT_OPTIMIZATION_LEVEL = "-Onone";
			};
			name = Debug;
		};
		84175C002765D76C0085DAE0 /* Release */ = {
			isa = XCBuildConfiguration;
			buildSettings = {
				ALWAYS_SEARCH_USER_PATHS = NO;
				CLANG_ANALYZER_NONNULL = YES;
				CLANG_ANALYZER_NUMBER_OBJECT_CONVERSION = YES_AGGRESSIVE;
				CLANG_CXX_LANGUAGE_STANDARD = "gnu++17";
				CLANG_CXX_LIBRARY = "libc++";
				CLANG_ENABLE_MODULES = YES;
				CLANG_ENABLE_OBJC_ARC = YES;
				CLANG_ENABLE_OBJC_WEAK = YES;
				CLANG_WARN_BLOCK_CAPTURE_AUTORELEASING = YES;
				CLANG_WARN_BOOL_CONVERSION = YES;
				CLANG_WARN_COMMA = YES;
				CLANG_WARN_CONSTANT_CONVERSION = YES;
				CLANG_WARN_DEPRECATED_OBJC_IMPLEMENTATIONS = YES;
				CLANG_WARN_DIRECT_OBJC_ISA_USAGE = YES_ERROR;
				CLANG_WARN_DOCUMENTATION_COMMENTS = YES;
				CLANG_WARN_EMPTY_BODY = YES;
				CLANG_WARN_ENUM_CONVERSION = YES;
				CLANG_WARN_INFINITE_RECURSION = YES;
				CLANG_WARN_INT_CONVERSION = YES;
				CLANG_WARN_NON_LITERAL_NULL_CONVERSION = YES;
				CLANG_WARN_OBJC_IMPLICIT_RETAIN_SELF = YES;
				CLANG_WARN_OBJC_LITERAL_CONVERSION = YES;
				CLANG_WARN_OBJC_ROOT_CLASS = YES_ERROR;
				CLANG_WARN_QUOTED_INCLUDE_IN_FRAMEWORK_HEADER = YES;
				CLANG_WARN_RANGE_LOOP_ANALYSIS = YES;
				CLANG_WARN_STRICT_PROTOTYPES = YES;
				CLANG_WARN_SUSPICIOUS_MOVE = YES;
				CLANG_WARN_UNGUARDED_AVAILABILITY = YES_AGGRESSIVE;
				CLANG_WARN_UNREACHABLE_CODE = YES;
				CLANG_WARN__DUPLICATE_METHOD_MATCH = YES;
				COPY_PHASE_STRIP = NO;
				DEBUG_INFORMATION_FORMAT = "dwarf-with-dsym";
				ENABLE_NS_ASSERTIONS = NO;
				ENABLE_STRICT_OBJC_MSGSEND = YES;
				GCC_C_LANGUAGE_STANDARD = gnu11;
				GCC_NO_COMMON_BLOCKS = YES;
				GCC_WARN_64_TO_32_BIT_CONVERSION = YES;
				GCC_WARN_ABOUT_RETURN_TYPE = YES_ERROR;
				GCC_WARN_UNDECLARED_SELECTOR = YES;
				GCC_WARN_UNINITIALIZED_AUTOS = YES_AGGRESSIVE;
				GCC_WARN_UNUSED_FUNCTION = YES;
				GCC_WARN_UNUSED_VARIABLE = YES;
				IPHONEOS_DEPLOYMENT_TARGET = 15.0;
				MTL_ENABLE_DEBUG_INFO = NO;
				MTL_FAST_MATH = YES;
				SDKROOT = iphoneos;
				SWIFT_COMPILATION_MODE = wholemodule;
				SWIFT_OPTIMIZATION_LEVEL = "-O";
				VALIDATE_PRODUCT = YES;
			};
			name = Release;
		};
		84175C022765D76C0085DAE0 /* Debug */ = {
			isa = XCBuildConfiguration;
			buildSettings = {
				ASSETCATALOG_COMPILER_APPICON_NAME = AppIcon;
				ASSETCATALOG_COMPILER_GLOBAL_ACCENT_COLOR_NAME = AccentColor;
				CODE_SIGN_STYLE = Automatic;
				CURRENT_PROJECT_VERSION = 1;
				DEVELOPMENT_TEAM = 9U2P84VZ5X;
				GENERATE_INFOPLIST_FILE = YES;
				INFOPLIST_FILE = BucketListcrUD/Info.plist;
				INFOPLIST_KEY_UIApplicationSupportsIndirectInputEvents = YES;
				INFOPLIST_KEY_UILaunchStoryboardName = LaunchScreen;
				INFOPLIST_KEY_UIMainStoryboardFile = Main;
				INFOPLIST_KEY_UISupportedInterfaceOrientations_iPad = "UIInterfaceOrientationPortrait UIInterfaceOrientationPortraitUpsideDown UIInterfaceOrientationLandscapeLeft UIInterfaceOrientationLandscapeRight";
				INFOPLIST_KEY_UISupportedInterfaceOrientations_iPhone = "UIInterfaceOrientationPortrait UIInterfaceOrientationLandscapeLeft UIInterfaceOrientationLandscapeRight";
				LD_RUNPATH_SEARCH_PATHS = (
					"$(inherited)",
					"@executable_path/Frameworks",
				);
				MARKETING_VERSION = 1.0;
				PRODUCT_BUNDLE_IDENTIFIER = "Dojo-Nerds.BucketListcrUD";
				PRODUCT_NAME = "$(TARGET_NAME)";
				SWIFT_EMIT_LOC_STRINGS = YES;
				SWIFT_VERSION = 5.0;
				TARGETED_DEVICE_FAMILY = "1,2";
			};
			name = Debug;
		};
		84175C032765D76C0085DAE0 /* Release */ = {
			isa = XCBuildConfiguration;
			buildSettings = {
				ASSETCATALOG_COMPILER_APPICON_NAME = AppIcon;
				ASSETCATALOG_COMPILER_GLOBAL_ACCENT_COLOR_NAME = AccentColor;
				CODE_SIGN_STYLE = Automatic;
				CURRENT_PROJECT_VERSION = 1;
				DEVELOPMENT_TEAM = 9U2P84VZ5X;
				GENERATE_INFOPLIST_FILE = YES;
				INFOPLIST_FILE = BucketListcrUD/Info.plist;
				INFOPLIST_KEY_UIApplicationSupportsIndirectInputEvents = YES;
				INFOPLIST_KEY_UILaunchStoryboardName = LaunchScreen;
				INFOPLIST_KEY_UIMainStoryboardFile = Main;
				INFOPLIST_KEY_UISupportedInterfaceOrientations_iPad = "UIInterfaceOrientationPortrait UIInterfaceOrientationPortraitUpsideDown UIInterfaceOrientationLandscapeLeft UIInterfaceOrientationLandscapeRight";
				INFOPLIST_KEY_UISupportedInterfaceOrientations_iPhone = "UIInterfaceOrientationPortrait UIInterfaceOrientationLandscapeLeft UIInterfaceOrientationLandscapeRight";
				LD_RUNPATH_SEARCH_PATHS = (
					"$(inherited)",
					"@executable_path/Frameworks",
				);
				MARKETING_VERSION = 1.0;
				PRODUCT_BUNDLE_IDENTIFIER = "Dojo-Nerds.BucketListcrUD";
				PRODUCT_NAME = "$(TARGET_NAME)";
				SWIFT_EMIT_LOC_STRINGS = YES;
				SWIFT_VERSION = 5.0;
				TARGETED_DEVICE_FAMILY = "1,2";
			};
			name = Release;
		};
		84175C052765D76C0085DAE0 /* Debug */ = {
			isa = XCBuildConfiguration;
			buildSettings = {
				ALWAYS_EMBED_SWIFT_STANDARD_LIBRARIES = YES;
				BUNDLE_LOADER = "$(TEST_HOST)";
				CODE_SIGN_STYLE = Automatic;
				CURRENT_PROJECT_VERSION = 1;
				DEVELOPMENT_TEAM = 9U2P84VZ5X;
				GENERATE_INFOPLIST_FILE = YES;
				IPHONEOS_DEPLOYMENT_TARGET = 15.0;
				LD_RUNPATH_SEARCH_PATHS = (
					"$(inherited)",
					"@executable_path/Frameworks",
					"@loader_path/Frameworks",
				);
				MARKETING_VERSION = 1.0;
				PRODUCT_BUNDLE_IDENTIFIER = "Dojo-Nerds.BucketListcrUDTests";
				PRODUCT_NAME = "$(TARGET_NAME)";
				SWIFT_EMIT_LOC_STRINGS = NO;
				SWIFT_VERSION = 5.0;
				TARGETED_DEVICE_FAMILY = "1,2";
				TEST_HOST = "$(BUILT_PRODUCTS_DIR)/BucketListcrUD.app/BucketListcrUD";
			};
			name = Debug;
		};
		84175C062765D76C0085DAE0 /* Release */ = {
			isa = XCBuildConfiguration;
			buildSettings = {
				ALWAYS_EMBED_SWIFT_STANDARD_LIBRARIES = YES;
				BUNDLE_LOADER = "$(TEST_HOST)";
				CODE_SIGN_STYLE = Automatic;
				CURRENT_PROJECT_VERSION = 1;
				DEVELOPMENT_TEAM = 9U2P84VZ5X;
				GENERATE_INFOPLIST_FILE = YES;
				IPHONEOS_DEPLOYMENT_TARGET = 15.0;
				LD_RUNPATH_SEARCH_PATHS = (
					"$(inherited)",
					"@executable_path/Frameworks",
					"@loader_path/Frameworks",
				);
				MARKETING_VERSION = 1.0;
				PRODUCT_BUNDLE_IDENTIFIER = "Dojo-Nerds.BucketListcrUDTests";
				PRODUCT_NAME = "$(TARGET_NAME)";
				SWIFT_EMIT_LOC_STRINGS = NO;
				SWIFT_VERSION = 5.0;
				TARGETED_DEVICE_FAMILY = "1,2";
				TEST_HOST = "$(BUILT_PRODUCTS_DIR)/BucketListcrUD.app/BucketListcrUD";
			};
			name = Release;
		};
		84175C082765D76C0085DAE0 /* Debug */ = {
			isa = XCBuildConfiguration;
			buildSettings = {
				ALWAYS_EMBED_SWIFT_STANDARD_LIBRARIES = YES;
				CODE_SIGN_STYLE = Automatic;
				CURRENT_PROJECT_VERSION = 1;
				DEVELOPMENT_TEAM = 9U2P84VZ5X;
				GENERATE_INFOPLIST_FILE = YES;
				LD_RUNPATH_SEARCH_PATHS = (
					"$(inherited)",
					"@executable_path/Frameworks",
					"@loader_path/Frameworks",
				);
				MARKETING_VERSION = 1.0;
				PRODUCT_BUNDLE_IDENTIFIER = "Dojo-Nerds.BucketListcrUDUITests";
				PRODUCT_NAME = "$(TARGET_NAME)";
				SWIFT_EMIT_LOC_STRINGS = NO;
				SWIFT_VERSION = 5.0;
				TARGETED_DEVICE_FAMILY = "1,2";
				TEST_TARGET_NAME = BucketListcrUD;
			};
			name = Debug;
		};
		84175C092765D76C0085DAE0 /* Release */ = {
			isa = XCBuildConfiguration;
			buildSettings = {
				ALWAYS_EMBED_SWIFT_STANDARD_LIBRARIES = YES;
				CODE_SIGN_STYLE = Automatic;
				CURRENT_PROJECT_VERSION = 1;
				DEVELOPMENT_TEAM = 9U2P84VZ5X;
				GENERATE_INFOPLIST_FILE = YES;
				LD_RUNPATH_SEARCH_PATHS = (
					"$(inherited)",
					"@executable_path/Frameworks",
					"@loader_path/Frameworks",
				);
				MARKETING_VERSION = 1.0;
				PRODUCT_BUNDLE_IDENTIFIER = "Dojo-Nerds.BucketListcrUDUITests";
				PRODUCT_NAME = "$(TARGET_NAME)";
				SWIFT_EMIT_LOC_STRINGS = NO;
				SWIFT_VERSION = 5.0;
				TARGETED_DEVICE_FAMILY = "1,2";
				TEST_TARGET_NAME = BucketListcrUD;
			};
			name = Release;
		};
/* End XCBuildConfiguration section */

/* Begin XCConfigurationList section */
		84175BD22765D76B0085DAE0 /* Build configuration list for PBXProject "BucketListcrUD" */ = {
			isa = XCConfigurationList;
			buildConfigurations = (
				84175BFF2765D76C0085DAE0 /* Debug */,
				84175C002765D76C0085DAE0 /* Release */,
			);
			defaultConfigurationIsVisible = 0;
			defaultConfigurationName = Release;
		};
		84175C012765D76C0085DAE0 /* Build configuration list for PBXNativeTarget "BucketListcrUD" */ = {
			isa = XCConfigurationList;
			buildConfigurations = (
				84175C022765D76C0085DAE0 /* Debug */,
				84175C032765D76C0085DAE0 /* Release */,
			);
			defaultConfigurationIsVisible = 0;
			defaultConfigurationName = Release;
		};
		84175C042765D76C0085DAE0 /* Build configuration list for PBXNativeTarget "BucketListcrUDTests" */ = {
			isa = XCConfigurationList;
			buildConfigurations = (
				84175C052765D76C0085DAE0 /* Debug */,
				84175C062765D76C0085DAE0 /* Release */,
			);
			defaultConfigurationIsVisible = 0;
			defaultConfigurationName = Release;
		};
		84175C072765D76C0085DAE0 /* Build configuration list for PBXNativeTarget "BucketListcrUDUITests" */ = {
			isa = XCConfigurationList;
			buildConfigurations = (
				84175C082765D76C0085DAE0 /* Debug */,
				84175C092765D76C0085DAE0 /* Release */,
			);
			defaultConfigurationIsVisible = 0;
			defaultConfigurationName = Release;
		};
/* End XCConfigurationList section */
	};
	rootObject = 84175BCF2765D76B0085DAE0 /* Project object */;
}
